{
  "pins" : [
    {
      "identity" : "microsoft-authentication-library-for-objc",
      "kind" : "remoteSourceControl",
      "location" : "https://github.com/AzureAD/microsoft-authentication-library-for-objc.git",
      "state" : {
        "branch" : "dev",
        "revision" : "476f9925918ce22f87570a19b5479435116d7550"
      }
    }
  ],
  "version" : 2
}
